
Microsoft Visual Studio Solution File, Format Version 12.00
# Visual Studio Version 18
VisualStudioVersion = 18.3.11206.111 d18.3
MinimumVisualStudioVersion = 10.0.40219.1
Project("{FAE04EC0-301F-11D3-BF4B-00C04F79EFBC}") = "MyApp.AppHost", "MyApp.AppHost\MyApp.AppHost.csproj", "{B2A6B5DA-29D6-4E55-85C3-D90823F6FFE5}"
EndProject
Project("{FAE04EC0-301F-11D3-BF4B-00C04F79EFBC}") = "MyApp.ServiceDefaults", "MyApp.ServiceDefaults\MyApp.ServiceDefaults.csproj", "{C7737F25-0CAF-4B07-AB42-A50FA8FCE79A}"
EndProject
Project("{FAE04EC0-301F-11D3-BF4B-00C04F79EFBC}") = "MyApp.Producer.Api", "MyApp.Producer.Api\MyApp.Producer.Api.csproj", "{2D0AFE7C-70D3-406B-8820-92C6190D6D44}"
EndProject
Project("{FAE04EC0-301F-11D3-BF4B-00C04F79EFBC}") = "MyApp.Consumer.Worker", "MyApp.Consumer.Worker\MyApp.Consumer.Worker.csproj", "{433C1258-1EBA-4DF8-9580-8D14838B8C26}"
EndProject
Project("{2150E333-8FDC-42A3-9474-1A3956D46DE8}") = "Solution Items", "Solution Items", "{6ABA10AF-11A0-42AF-8CE8-776992554B62}"
	ProjectSection(SolutionItems) = preProject
		..\README.md = ..\README.md
	EndProjectSection
EndProject
Global
	GlobalSection(SolutionConfigurationPlatforms) = preSolution
		Debug|Any CPU = Debug|Any CPU
		Debug|x64 = Debug|x64
		Debug|x86 = Debug|x86
		Release|Any CPU = Release|Any CPU
		Release|x64 = Release|x64
		Release|x86 = Release|x86
	EndGlobalSection
	GlobalSection(ProjectConfigurationPlatforms) = postSolution
		{B2A6B5DA-29D6-4E55-85C3-D90823F6FFE5}.Debug|Any CPU.ActiveCfg = Debug|Any CPU
		{B2A6B5DA-29D6-4E55-85C3-D90823F6FFE5}.Debug|Any CPU.Build.0 = Debug|Any CPU
		{B2A6B5DA-29D6-4E55-85C3-D90823F6FFE5}.Debug|x64.ActiveCfg = Debug|Any CPU
		{B2A6B5DA-29D6-4E55-85C3-D90823F6FFE5}.Debug|x64.Build.0 = Debug|Any CPU
		{B2A6B5DA-29D6-4E55-85C3-D90823F6FFE5}.Debug|x86.ActiveCfg = Debug|Any CPU
		{B2A6B5DA-29D6-4E55-85C3-D90823F6FFE5}.Debug|x86.Build.0 = Debug|Any CPU
		{B2A6B5DA-29D6-4E55-85C3-D90823F6FFE5}.Release|Any CPU.ActiveCfg = Release|Any CPU
		{B2A6B5DA-29D6-4E55-85C3-D90823F6FFE5}.Release|Any CPU.Build.0 = Release|Any CPU
		{B2A6B5DA-29D6-4E55-85C3-D90823F6FFE5}.Release|x64.ActiveCfg = Release|Any CPU
		{B2A6B5DA-29D6-4E55-85C3-D90823F6FFE5}.Release|x64.Build.0 = Release|Any CPU
		{B2A6B5DA-29D6-4E55-85C3-D90823F6FFE5}.Release|x86.ActiveCfg = Release|Any CPU
		{B2A6B5DA-29D6-4E55-85C3-D90823F6FFE5}.Release|x86.Build.0 = Release|Any CPU
		{C7737F25-0CAF-4B07-AB42-A50FA8FCE79A}.Debug|Any CPU.ActiveCfg = Debug|Any CPU
		{C7737F25-0CAF-4B07-AB42-A50FA8FCE79A}.Debug|Any CPU.Build.0 = Debug|Any CPU
		{C7737F25-0CAF-4B07-AB42-A50FA8FCE79A}.Debug|x64.ActiveCfg = Debug|Any CPU
		{C7737F25-0CAF-4B07-AB42-A50FA8FCE79A}.Debug|x64.Build.0 = Debug|Any CPU
		{C7737F25-0CAF-4B07-AB42-A50FA8FCE79A}.Debug|x86.ActiveCfg = Debug|Any CPU
		{C7737F25-0CAF-4B07-AB42-A50FA8FCE79A}.Debug|x86.Build.0 = Debug|Any CPU
		{C7737F25-0CAF-4B07-AB42-A50FA8FCE79A}.Release|Any CPU.ActiveCfg = Release|Any CPU
		{C7737F25-0CAF-4B07-AB42-A50FA8FCE79A}.Release|Any CPU.Build.0 = Release|Any CPU
		{C7737F25-0CAF-4B07-AB42-A50FA8FCE79A}.Release|x64.ActiveCfg = Release|Any CPU
		{C7737F25-0CAF-4B07-AB42-A50FA8FCE79A}.Release|x64.Build.0 = Release|Any CPU
		{C7737F25-0CAF-4B07-AB42-A50FA8FCE79A}.Release|x86.ActiveCfg = Release|Any CPU
		{C7737F25-0CAF-4B07-AB42-A50FA8FCE79A}.Release|x86.Build.0 = Release|Any CPU
		{2D0AFE7C-70D3-406B-8820-92C6190D6D44}.Debug|Any CPU.ActiveCfg = Debug|Any CPU
		{2D0AFE7C-70D3-406B-8820-92C6190D6D44}.Debug|Any CPU.Build.0 = Debug|Any CPU
		{2D0AFE7C-70D3-406B-8820-92C6190D6D44}.Debug|x64.ActiveCfg = Debug|Any CPU
		{2D0AFE7C-70D3-406B-8820-92C6190D6D44}.Debug|x64.Build.0 = Debug|Any CPU
		{2D0AFE7C-70D3-406B-8820-92C6190D6D44}.Debug|x86.ActiveCfg = Debug|Any CPU
		{2D0AFE7C-70D3-406B-8820-92C6190D6D44}.Debug|x86.Build.0 = Debug|Any CPU
		{2D0AFE7C-70D3-406B-8820-92C6190D6D44}.Release|Any CPU.ActiveCfg = Release|Any CPU
		{2D0AFE7C-70D3-406B-8820-92C6190D6D44}.Release|Any CPU.Build.0 = Release|Any CPU
		{2D0AFE7C-70D3-406B-8820-92C6190D6D44}.Release|x64.ActiveCfg = Release|Any CPU
		{2D0AFE7C-70D3-406B-8820-92C6190D6D44}.Release|x64.Build.0 = Release|Any CPU
		{2D0AFE7C-70D3-406B-8820-92C6190D6D44}.Release|x86.ActiveCfg = Release|Any CPU
		{2D0AFE7C-70D3-406B-8820-92C6190D6D44}.Release|x86.Build.0 = Release|Any CPU
		{433C1258-1EBA-4DF8-9580-8D14838B8C26}.Debug|Any CPU.ActiveCfg = Debug|Any CPU
		{433C1258-1EBA-4DF8-9580-8D14838B8C26}.Debug|Any CPU.Build.0 = Debug|Any CPU
		{433C1258-1EBA-4DF8-9580-8D14838B8C26}.Debug|x64.ActiveCfg = Debug|Any CPU
		{433C1258-1EBA-4DF8-9580-8D14838B8C26}.Debug|x64.Build.0 = Debug|Any CPU
		{433C1258-1EBA-4DF8-9580-8D14838B8C26}.Debug|x86.ActiveCfg = Debug|Any CPU
		{433C1258-1EBA-4DF8-9580-8D14838B8C26}.Debug|x86.Build.0 = Debug|Any CPU
		{433C1258-1EBA-4DF8-9580-8D14838B8C26}.Release|Any CPU.ActiveCfg = Release|Any CPU
		{433C1258-1EBA-4DF8-9580-8D14838B8C26}.Release|Any CPU.Build.0 = Release|Any CPU
		{433C1258-1EBA-4DF8-9580-8D14838B8C26}.Release|x64.ActiveCfg = Release|Any CPU
		{433C1258-1EBA-4DF8-9580-8D14838B8C26}.Release|x64.Build.0 = Release|Any CPU
		{433C1258-1EBA-4DF8-9580-8D14838B8C26}.Release|x86.ActiveCfg = Release|Any CPU
		{433C1258-1EBA-4DF8-9580-8D14838B8C26}.Release|x86.Build.0 = Release|Any CPU
	EndGlobalSection
	GlobalSection(SolutionProperties) = preSolution
		HideSolutionNode = FALSE
	EndGlobalSection
	GlobalSection(ExtensibilityGlobals) = postSolution
		SolutionGuid = {687FAAA0-F2D2-4C7F-AF96-15C1C4156147}
	EndGlobalSection
EndGlobal
